
Microsoft Visual Studio Solution File, Format Version 12.00
# Visual Studio Version 17
VisualStudioVersion = 17.10.35013.160
MinimumVisualStudioVersion = 10.0.40219.1
Project("{FAE04EC0-301F-11D3-BF4B-00C04F79EFBC}") = "Analisis_Reabastecimiento", "Analisis_Reabastecimiento\Analisis_Reabastecimiento.csproj", "{F2064EC6-09DA-4D7E-955A-C92E13E74C00}"
EndProject
Global
	GlobalSection(SolutionConfigurationPlatforms) = preSolution
		Debug|Any CPU = Debug|Any CPU
		Release|Any CPU = Release|Any CPU
	EndGlobalSection
	GlobalSection(ProjectConfigurationPlatforms) = postSolution
		{F2064EC6-09DA-4D7E-955A-C92E13E74C00}.Debug|Any CPU.ActiveCfg = Debug|Any CPU
		{F2064EC6-09DA-4D7E-955A-C92E13E74C00}.Debug|Any CPU.Build.0 = Debug|Any CPU
		{F2064EC6-09DA-4D7E-955A-C92E13E74C00}.Release|Any CPU.ActiveCfg = Release|Any CPU
		{F2064EC6-09DA-4D7E-955A-C92E13E74C00}.Release|Any CPU.Build.0 = Release|Any CPU
	EndGlobalSection
	GlobalSection(SolutionProperties) = preSolution
		HideSolutionNode = FALSE
	EndGlobalSection
	GlobalSection(ExtensibilityGlobals) = postSolution
		SolutionGuid = {8A634846-EE7E-4178-A202-D8A493745A1F}
	EndGlobalSection
EndGlobal
